lockfileVersion: '9.0'

settings:
  autoInstallPeers: true
  excludeLinksFromLockfile: false

importers:

  .:
    dependencies:
      '@touch4it/ical-timezones':
        specifier: ^1.9.0
        version: 1.9.0
      ical-generator:
        specifier: ^7.2.0
        version: 7.2.0(@touch4it/ical-timezones@1.9.0)(@types/luxon@3.4.2)(@types/node@18.19.42)(dayjs@1.11.13)(luxon@3.5.0)(moment-timezone@0.5.45)(moment@2.30.1)(rrule@2.8.1)
      luxon:
        specifier: ^3.5.0
        version: 3.5.0
    devDependencies:
      '@types/luxon':
        specifier: ^3.2.0
        version: 3.4.2
      '@types/node':
        specifier: ^18.11.18
        version: 18.19.42
      dayjs:
        specifier: ^1.11.13
        version: 1.11.13
      moment:
        specifier: ^2.29.4
        version: 2.30.1
      moment-timezone:
        specifier: ^0.5.40
        version: 0.5.45
      rrule:
        specifier: ^2.7.1
        version: 2.8.1

packages:

  '@touch4it/ical-timezones@1.9.0':
    resolution: {integrity: sha512-UAiZMrFlgMdOIaJDPsKu5S7OecyMLr3GGALJTYkRgHmsHAA/8Ixm1qD09ELP2X7U1lqgrctEgvKj9GzMbczC+g==}
    engines: {node: '>= 14.0.0'}

  '@types/luxon@3.4.2':
    resolution: {integrity: sha512-TifLZlFudklWlMBfhubvgqTXRzLDI5pCbGa4P8a3wPyUQSW+1xQ5eDsreP9DWHX3tjq1ke96uYG/nwundroWcA==}

  '@types/node@18.19.42':
    resolution: {integrity: sha512-d2ZFc/3lnK2YCYhos8iaNIYu9Vfhr92nHiyJHRltXWjXUBjEE+A4I58Tdbnw4VhggSW+2j5y5gTrLs4biNnubg==}

  dayjs@1.11.13:
    resolution: {integrity: sha512-oaMBel6gjolK862uaPQOVTA7q3TZhuSvuMQAAglQDOWYO9A91IrAOUJEyKVlqJlHE0vq5p5UXxzdPfMH/x6xNg==}

  ical-generator@7.2.0:
    resolution: {integrity: sha512-7I34QvxWqIRthaao81lmapa0OjftfDaSBZmADjV0IqxVMUWT5ywlATRsv/hZN9Rgf2VgRsnMY+xUUaA4ZvAJLA==}
    engines: {node: '>=18.0.0'}
    peerDependencies:
      '@touch4it/ical-timezones': '>=1.6.0'
      '@types/luxon': '>= 1.26.0'
      '@types/mocha': '>= 8.2.1'
      '@types/node': '*'
      dayjs: '>= 1.10.0'
      luxon: '>= 1.26.0'
      moment: '>= 2.29.0'
      moment-timezone: '>= 0.5.33'
      rrule: '>= 2.6.8'
    peerDependenciesMeta:
      '@touch4it/ical-timezones':
        optional: true
      '@types/luxon':
        optional: true
      '@types/mocha':
        optional: true
      '@types/node':
        optional: true
      dayjs:
        optional: true
      luxon:
        optional: true
      moment:
        optional: true
      moment-timezone:
        optional: true
      rrule:
        optional: true

  luxon@3.5.0:
    resolution: {integrity: sha512-rh+Zjr6DNfUYR3bPwJEnuwDdqMbxZW7LOQfUN4B54+Cl+0o5zaU9RJ6bcidfDtC1cWCZXQ+nvX8bf6bAji37QQ==}
    engines: {node: '>=12'}

  moment-timezone@0.5.45:
    resolution: {integrity: sha512-HIWmqA86KcmCAhnMAN0wuDOARV/525R2+lOLotuGFzn4HO+FH+/645z2wx0Dt3iDv6/p61SIvKnDstISainhLQ==}

  moment@2.30.1:
    resolution: {integrity: sha512-uEmtNhbDOrWPFS+hdjFCBfy9f2YoyzRpwcl+DqpC6taX21FzsTLQVbMV/W7PzNSX6x/bhC1zA3c2UQ5NzH6how==}

  rrule@2.8.1:
    resolution: {integrity: sha512-hM3dHSBMeaJ0Ktp7W38BJZ7O1zOgaFEsn41PDk+yHoEtfLV+PoJt9E9xAlZiWgf/iqEqionN0ebHFZIDAp+iGw==}

  tslib@2.6.3:
    resolution: {integrity: sha512-xNvxJEOUiWPGhUuUdQgAJPKOOJfGnIyKySOc09XkKsgdUV/3E2zvwZYdejjmRgPCgcym1juLH3226yA7sEFJKQ==}

  undici-types@5.26.5:
    resolution: {integrity: sha512-JlCMO+ehdEIKqlFxk6IfVoAUVmgz7cU7zD/h9XZ0qzeosSHmUJVOzSQvvYSYWXkFXC+IfLKSIffhv0sVZup6pA==}

  uuid-random@1.3.2:
    resolution: {integrity: sha512-UOzej0Le/UgkbWEO8flm+0y+G+ljUon1QWTEZOq1rnMAsxo2+SckbiZdKzAHHlVh6gJqI1TjC/xwgR50MuCrBQ==}

snapshots:

  '@touch4it/ical-timezones@1.9.0': {}

  '@types/luxon@3.4.2': {}

  '@types/node@18.19.42':
    dependencies:
      undici-types: 5.26.5

  dayjs@1.11.13: {}

  ical-generator@7.2.0(@touch4it/ical-timezones@1.9.0)(@types/luxon@3.4.2)(@types/node@18.19.42)(dayjs@1.11.13)(luxon@3.5.0)(moment-timezone@0.5.45)(moment@2.30.1)(rrule@2.8.1):
    dependencies:
      uuid-random: 1.3.2
    optionalDependencies:
      '@touch4it/ical-timezones': 1.9.0
      '@types/luxon': 3.4.2
      '@types/node': 18.19.42
      dayjs: 1.11.13
      luxon: 3.5.0
      moment: 2.30.1
      moment-timezone: 0.5.45
      rrule: 2.8.1

  luxon@3.5.0: {}

  moment-timezone@0.5.45:
    dependencies:
      moment: 2.30.1

  moment@2.30.1: {}

  rrule@2.8.1:
    dependencies:
      tslib: 2.6.3

  tslib@2.6.3: {}

  undici-types@5.26.5: {}

  uuid-random@1.3.2: {}
