lockfileVersion: '9.0'

settings:
  autoInstallPeers: true
  excludeLinksFromLockfile: false

importers:

  .:
    dependencies:
      '@touch4it/ical-timezones':
        specifier: ^1.9.0
        version: 1.9.0
      ical-generator:
        specifier: ^9.0.0
        version: 9.0.0(@touch4it/ical-timezones@1.9.0)(@types/luxon@3.7.1)(@types/node@18.19.42)(dayjs@1.11.13)(luxon@3.7.1)(moment-timezone@0.6.0)(moment@2.30.1)(rrule@2.8.1)
      luxon:
        specifier: ^3.7.1
        version: 3.7.1
    devDependencies:
      '@types/luxon':
        specifier: ^3.7.1
        version: 3.7.1
      '@types/node':
        specifier: ^18.11.18
        version: 18.19.42
      dayjs:
        specifier: ^1.11.13
        version: 1.11.13
      moment:
        specifier: ^2.29.4
        version: 2.30.1
      moment-timezone:
        specifier: ^0.6.0
        version: 0.6.0
      rrule:
        specifier: ^2.7.1
        version: 2.8.1

packages:

  '@touch4it/ical-timezones@1.9.0':
    resolution: {integrity: sha512-UAiZMrFlgMdOIaJDPsKu5S7OecyMLr3GGALJTYkRgHmsHAA/8Ixm1qD09ELP2X7U1lqgrctEgvKj9GzMbczC+g==}
    engines: {node: '>= 14.0.0'}

  '@types/luxon@3.7.1':
    resolution: {integrity: sha512-H3iskjFIAn5SlJU7OuxUmTEpebK6TKB8rxZShDslBMZJ5u9S//KM1sbdAisiSrqwLQncVjnpi2OK2J51h+4lsg==}

  '@types/node@18.19.42':
    resolution: {integrity: sha512-d2ZFc/3lnK2YCYhos8iaNIYu9Vfhr92nHiyJHRltXWjXUBjEE+A4I58Tdbnw4VhggSW+2j5y5gTrLs4biNnubg==}

  dayjs@1.11.13:
    resolution: {integrity: sha512-oaMBel6gjolK862uaPQOVTA7q3TZhuSvuMQAAglQDOWYO9A91IrAOUJEyKVlqJlHE0vq5p5UXxzdPfMH/x6xNg==}

  ical-generator@9.0.0:
    resolution: {integrity: sha512-Ohpcw5fN8LhrnKyEQwISP7/EYfoafy0Nb1ISIMET0GWdsHrWpiqIdLocSi5vrYAdjF8QKy1GkaSk/n+GfzR/8A==}
    engines: {node: 20 || >=22.0.0}
    peerDependencies:
      '@touch4it/ical-timezones': '>=1.6.0'
      '@types/luxon': '>= 1.26.0'
      '@types/mocha': '>= 8.2.1'
      '@types/node': '*'
      dayjs: '>= 1.10.0'
      luxon: '>= 1.26.0'
      moment: '>= 2.29.0'
      moment-timezone: '>= 0.5.33'
      rrule: '>= 2.6.8'
    peerDependenciesMeta:
      '@touch4it/ical-timezones':
        optional: true
      '@types/luxon':
        optional: true
      '@types/mocha':
        optional: true
      '@types/node':
        optional: true
      dayjs:
        optional: true
      luxon:
        optional: true
      moment:
        optional: true
      moment-timezone:
        optional: true
      rrule:
        optional: true

  luxon@3.7.1:
    resolution: {integrity: sha512-RkRWjA926cTvz5rAb1BqyWkKbbjzCGchDUIKMCUvNi17j6f6j8uHGDV82Aqcqtzd+icoYpELmG3ksgGiFNNcNg==}
    engines: {node: '>=12'}

  moment-timezone@0.6.0:
    resolution: {integrity: sha512-ldA5lRNm3iJCWZcBCab4pnNL3HSZYXVb/3TYr75/1WCTWYuTqYUb5f/S384pncYjJ88lbO8Z4uPDvmoluHJc8Q==}

  moment@2.30.1:
    resolution: {integrity: sha512-uEmtNhbDOrWPFS+hdjFCBfy9f2YoyzRpwcl+DqpC6taX21FzsTLQVbMV/W7PzNSX6x/bhC1zA3c2UQ5NzH6how==}

  rrule@2.8.1:
    resolution: {integrity: sha512-hM3dHSBMeaJ0Ktp7W38BJZ7O1zOgaFEsn41PDk+yHoEtfLV+PoJt9E9xAlZiWgf/iqEqionN0ebHFZIDAp+iGw==}

  tslib@2.6.3:
    resolution: {integrity: sha512-xNvxJEOUiWPGhUuUdQgAJPKOOJfGnIyKySOc09XkKsgdUV/3E2zvwZYdejjmRgPCgcym1juLH3226yA7sEFJKQ==}

  undici-types@5.26.5:
    resolution: {integrity: sha512-JlCMO+ehdEIKqlFxk6IfVoAUVmgz7cU7zD/h9XZ0qzeosSHmUJVOzSQvvYSYWXkFXC+IfLKSIffhv0sVZup6pA==}

snapshots:

  '@touch4it/ical-timezones@1.9.0': {}

  '@types/luxon@3.7.1': {}

  '@types/node@18.19.42':
    dependencies:
      undici-types: 5.26.5

  dayjs@1.11.13: {}

  ical-generator@9.0.0(@touch4it/ical-timezones@1.9.0)(@types/luxon@3.7.1)(@types/node@18.19.42)(dayjs@1.11.13)(luxon@3.7.1)(moment-timezone@0.6.0)(moment@2.30.1)(rrule@2.8.1):
    optionalDependencies:
      '@touch4it/ical-timezones': 1.9.0
      '@types/luxon': 3.7.1
      '@types/node': 18.19.42
      dayjs: 1.11.13
      luxon: 3.7.1
      moment: 2.30.1
      moment-timezone: 0.6.0
      rrule: 2.8.1

  luxon@3.7.1: {}

  moment-timezone@0.6.0:
    dependencies:
      moment: 2.30.1

  moment@2.30.1: {}

  rrule@2.8.1:
    dependencies:
      tslib: 2.6.3

  tslib@2.6.3: {}

  undici-types@5.26.5: {}
